
Microsoft Visual Studio Solution File, Format Version 12.00
# Visual Studio 2013
VisualStudioVersion = 12.0.30501.0
MinimumVisualStudioVersion = 10.0.40219.1
Project("{FAE04EC0-301F-11D3-BF4B-00C04F79EFBC}") = "MyCouch.AspNet.Identity.Net45", "projects\MyCouch.AspNet.Identity.Net45\MyCouch.AspNet.Identity.Net45.csproj", "{707440ED-2064-4199-93D1-29495A545C4D}"
EndProject
Project("{2150E333-8FDC-42A3-9474-1A3956D46DE8}") = "Solution Items", "Solution Items", "{79FE6F29-7B1F-40B6-A26B-9043B8D56B7F}"
	ProjectSection(SolutionItems) = preProject
		SharedAssemblyInfo.cs = SharedAssemblyInfo.cs
	EndProjectSection
EndProject
Project("{2150E333-8FDC-42A3-9474-1A3956D46DE8}") = "Samples", "Samples", "{EE290A61-A6D1-46FD-842A-E4A77DD8EEB8}"
EndProject
Project("{FAE04EC0-301F-11D3-BF4B-00C04F79EFBC}") = "Samples.Mvc5", "samples\Samples.Mvc5\Samples.Mvc5.csproj", "{BD6836AF-C6A1-43D8-9B45-FB04C4A8ED7B}"
EndProject
Project("{FAE04EC0-301F-11D3-BF4B-00C04F79EFBC}") = "Samples.Mvc5WithIdentity2", "samples\Samples.Mvc5WithIdentity2\Samples.Mvc5WithIdentity2.csproj", "{6592DBD6-2F43-4F1F-90AF-C18A2E804BAB}"
EndProject
Global
	GlobalSection(SolutionConfigurationPlatforms) = preSolution
		Debug|Any CPU = Debug|Any CPU
		Release|Any CPU = Release|Any CPU
	EndGlobalSection
	GlobalSection(ProjectConfigurationPlatforms) = postSolution
		{707440ED-2064-4199-93D1-29495A545C4D}.Debug|Any CPU.ActiveCfg = Debug|Any CPU
		{707440ED-2064-4199-93D1-29495A545C4D}.Debug|Any CPU.Build.0 = Debug|Any CPU
		{707440ED-2064-4199-93D1-29495A545C4D}.Release|Any CPU.ActiveCfg = Release|Any CPU
		{707440ED-2064-4199-93D1-29495A545C4D}.Release|Any CPU.Build.0 = Release|Any CPU
		{BD6836AF-C6A1-43D8-9B45-FB04C4A8ED7B}.Debug|Any CPU.ActiveCfg = Debug|Any CPU
		{BD6836AF-C6A1-43D8-9B45-FB04C4A8ED7B}.Debug|Any CPU.Build.0 = Debug|Any CPU
		{BD6836AF-C6A1-43D8-9B45-FB04C4A8ED7B}.Release|Any CPU.ActiveCfg = Release|Any CPU
		{BD6836AF-C6A1-43D8-9B45-FB04C4A8ED7B}.Release|Any CPU.Build.0 = Release|Any CPU
		{6592DBD6-2F43-4F1F-90AF-C18A2E804BAB}.Debug|Any CPU.ActiveCfg = Debug|Any CPU
		{6592DBD6-2F43-4F1F-90AF-C18A2E804BAB}.Debug|Any CPU.Build.0 = Debug|Any CPU
		{6592DBD6-2F43-4F1F-90AF-C18A2E804BAB}.Release|Any CPU.ActiveCfg = Release|Any CPU
		{6592DBD6-2F43-4F1F-90AF-C18A2E804BAB}.Release|Any CPU.Build.0 = Release|Any CPU
	EndGlobalSection
	GlobalSection(SolutionProperties) = preSolution
		HideSolutionNode = FALSE
	EndGlobalSection
	GlobalSection(NestedProjects) = preSolution
		{BD6836AF-C6A1-43D8-9B45-FB04C4A8ED7B} = {EE290A61-A6D1-46FD-842A-E4A77DD8EEB8}
		{6592DBD6-2F43-4F1F-90AF-C18A2E804BAB} = {EE290A61-A6D1-46FD-842A-E4A77DD8EEB8}
	EndGlobalSection
EndGlobal
